{
  "requires": true,
  "lockfileVersion": 1,
  "dependencies": {
    "markdown-it-alerts": {
      "version": "0.1.0",
      "resolved": "https://registry.npmjs.org/markdown-it-alerts/-/markdown-it-alerts-0.1.0.tgz",
      "integrity": "sha512-H43WZ4hI1jE6a7jRQ1UP4dqdTavXzy3BAh/J4iXwcfvLn9at0dE/88cqu89eYBYr7KRdIu8t7V6pfe9DEC+nhg==",
      "requires": {
        "markdown-it-container": "^2.0.0"
      }
    },
    "markdown-it-container": {
      "version": "2.0.0",
      "resolved": "https://registry.npmjs.org/markdown-it-container/-/markdown-it-container-2.0.0.tgz",
      "integrity": "sha512-IxPOaq2LzrGuFGyYq80zaorXReh2ZHGFOB1/Hen429EJL1XkPI3FJTpx9TsJeua+j2qTru4h3W1TiCRdeivMmA=="
    }
  }
}
